// !$*UTF8*$!
{
	archiveVersion = 1;
	classes = {
	};
	objectVersion = 46;
	objects = {

/* Begin PBXBuildFile section */
		2B0A28551D91C7BB005AF743 /* main.m in Sources */ = {isa = PBXBuildFile; fileRef = 2B0A28541D91C7BB005AF743 /* main.m */; };
		2B6739511D999BA90070621D /* Car.m in Sources */ = {isa = PBXBuildFile; fileRef = 2B6739501D999BA90070621D /* Car.m */; };
		2B6739541D999CB60070621D /* Toyota.m in Sources */ = {isa = PBXBuildFile; fileRef = 2B6739531D999CB60070621D /* Toyota.m */; };
/* End PBXBuildFile section */

/* Begin PBXCopyFilesBuildPhase section */
		2B0A284F1D91C7BB005AF743 /* CopyFiles */ = {
			isa = PBXCopyFilesBuildPhase;
			buildActionMask = 2147483647;
			dstPath = /usr/share/man/man1/;
			dstSubfolderSpec = 0;
			files = (
			);
			runOnlyForDeploymentPostprocessing = 1;
		};
/* End PBXCopyFilesBuildPhase section */

/* Begin PBXFileReference section */
		2B0A28511D91C7BB005AF743 /* Objective-CAssignment1 */ = {isa = PBXFileReference; explicitFileType = "compiled.mach-o.executable"; includeInIndex = 0; path = "Objective-CAssignment1"; sourceTree = BUILT_PRODUCTS_DIR; };
		2B0A28541D91C7BB005AF743 /* main.m */ = {isa = PBXFileReference; lastKnownFileType = sourcecode.c.objc; path = main.m; sourceTree = "<group>"; };
		2B67394F1D999BA90070621D /* Car.h */ = {isa = PBXFileReference; fileEncoding = 4; lastKnownFileType = sourcecode.c.h; path = Car.h; sourceTree = "<group>"; };
		2B6739501D999BA90070621D /* Car.m */ = {isa = PBXFileReference; fileEncoding = 4; lastKnownFileType = sourcecode.c.objc; path = Car.m; sourceTree = "<group>"; };
		2B6739521D999CB60070621D /* Toyota.h */ = {isa = PBXFileReference; fileEncoding = 4; lastKnownFileType = sourcecode.c.h; path = Toyota.h; sourceTree = "<group>"; };
		2B6739531D999CB60070621D /* Toyota.m */ = {isa = PBXFileReference; fileEncoding = 4; lastKnownFileType = sourcecode.c.objc; path = Toyota.m; sourceTree = "<group>"; };
/* End PBXFileReference section */

/* Begin PBXFrameworksBuildPhase section */
		2B0A284E1D91C7BB005AF743 /* Frameworks */ = {
			isa = PBXFrameworksBuildPhase;
			buildActionMask = 2147483647;
			files = (
			);
			runOnlyForDeploymentPostprocessing = 0;
		};
/* End PBXFrameworksBuildPhase section */

/* Begin PBXGroup section */
		2B0A28481D91C7BB005AF743 = {
			isa = PBXGroup;
			children = (
				2B0A28531D91C7BB005AF743 /* Objective-CAssignment1 */,
				2B0A28521D91C7BB005AF743 /* Products */,
			);
			sourceTree = "<group>";
		};
		2B0A28521D91C7BB005AF743 /* Products */ = {
			isa = PBXGroup;
			children = (
				2B0A28511D91C7BB005AF743 /* Objective-CAssignment1 */,
			);
			name = Products;
			sourceTree = "<group>";
		};
		2B0A28531D91C7BB005AF743 /* Objective-CAssignment1 */ = {
			isa = PBXGroup;
			children = (
				2B0A28541D91C7BB005AF743 /* main.m */,
				2B6739501D999BA90070621D /* Car.m */,
				2B67394F1D999BA90070621D /* Car.h */,
				2B6739531D999CB60070621D /* Toyota.m */,
				2B6739521D999CB60070621D /* Toyota.h */,
			);
			path = "Objective-CAssignment1";
			sourceTree = "<group>";
		};
/* End PBXGroup section */

/* Begin PBXNativeTarget section */
		2B0A28501D91C7BB005AF743 /* Objective-CAssignment1 */ = {
			isa = PBXNativeTarget;
			buildConfigurationList = 2B0A28581D91C7BB005AF743 /* Build configuration list for PBXNativeTarget "Objective-CAssignment1" */;
			buildPhases = (
				2B0A284D1D91C7BB005AF743 /* Sources */,
				2B0A284E1D91C7BB005AF743 /* Frameworks */,
				2B0A284F1D91C7BB005AF743 /* CopyFiles */,
			);
			buildRules = (
			);
			dependencies = (
			);
			name = "Objective-CAssignment1";
			productName = "Objective-CAssignment1";
			productReference = 2B0A28511D91C7BB005AF743 /* Objective-CAssignment1 */;
			productType = "com.apple.product-type.tool";
		};
/* End PBXNativeTarget section */

/* Begin PBXProject section */
		2B0A28491D91C7BB005AF743 /* Project object */ = {
			isa = PBXProject;
			attributes = {
				LastUpgradeCheck = 0730;
				ORGANIZATIONNAME = "Victor Hong";
				TargetAttributes = {
					2B0A28501D91C7BB005AF743 = {
						CreatedOnToolsVersion = 7.3.1;
					};
				};
			};
			buildConfigurationList = 2B0A284C1D91C7BB005AF743 /* Build configuration list for PBXProject "Objective-CAssignment1" */;
			compatibilityVersion = "Xcode 3.2";
			developmentRegion = English;
			hasScannedForEncodings = 0;
			knownRegions = (
				en,
			);
			mainGroup = 2B0A28481D91C7BB005AF743;
			productRefGroup = 2B0A28521D91C7BB005AF743 /* Products */;
			projectDirPath = "";
			projectRoot = "";
			targets = (
				2B0A28501D91C7BB005AF743 /* Objective-CAssignment1 */,
			);
		};
/* End PBXProject section */

/* Begin PBXSourcesBuildPhase section */
		2B0A284D1D91C7BB005AF743 /* Sources */ = {
			isa = PBXSourcesBuildPhase;
			buildActionMask = 2147483647;
			files = (
				2B6739511D999BA90070621D /* Car.m in Sources */,
				2B6739541D999CB60070621D /* Toyota.m in Sources */,
				2B0A28551D91C7BB005AF743 /* main.m in Sources */,
			);
			runOnlyForDeploymentPostprocessing = 0;
		};
/* End PBXSourcesBuildPhase section */

/* Begin XCBuildConfiguration section */
		2B0A28561D91C7BB005AF743 /* Debug */ = {
			isa = XCBuildConfiguration;
			buildSettings = {
				ALWAYS_SEARCH_USER_PATHS = NO;
				CLANG_ANALYZER_NONNULL = YES;
				CLANG_CXX_LANGUAGE_STANDARD = "gnu++0x";
				CLANG_CXX_LIBRARY = "libc++";
				CLANG_ENABLE_MODULES = YES;
				CLANG_ENABLE_OBJC_ARC = YES;
				CLANG_WARN_BOOL_CONVERSION = YES;
				CLANG_WARN_CONSTANT_CONVERSION = YES;
				CLANG_WARN_DIRECT_OBJC_ISA_USAGE = YES_ERROR;
				CLANG_WARN_EMPTY_BODY = YES;
				CLANG_WARN_ENUM_CONVERSION = YES;
				CLANG_WARN_INT_CONVERSION = YES;
				CLANG_WARN_OBJC_ROOT_CLASS = YES_ERROR;
				CLANG_WARN_UNREACHABLE_CODE = YES;
				CLANG_WARN__DUPLICATE_METHOD_MATCH = YES;
				CODE_SIGN_IDENTITY = "-";
				COPY_PHASE_STRIP = NO;
				DEBUG_INFORMATION_FORMAT = dwarf;
				ENABLE_STRICT_OBJC_MSGSEND = YES;
				ENABLE_TESTABILITY = YES;
				GCC_C_LANGUAGE_STANDARD = gnu99;
				GCC_DYNAMIC_NO_PIC = NO;
				GCC_NO_COMMON_BLOCKS = YES;
				GCC_OPTIMIZATION_LEVEL = 0;
				GCC_PREPROCESSOR_DEFINITIONS = (
					"DEBUG=1",
					"$(inherited)",
				);
				GCC_WARN_64_TO_32_BIT_CONVERSION = YES;
				GCC_WARN_ABOUT_RETURN_TYPE = YES_ERROR;
				GCC_WARN_UNDECLARED_SELECTOR = YES;
				GCC_WARN_UNINITIALIZED_AUTOS = YES_AGGRESSIVE;
				GCC_WARN_UNUSED_FUNCTION = YES;
				GCC_WARN_UNUSED_VARIABLE = YES;
				MACOSX_DEPLOYMENT_TARGET = 10.11;
				MTL_ENABLE_DEBUG_INFO = YES;
				ONLY_ACTIVE_ARCH = YES;
				SDKROOT = macosx;
			};
			name = Debug;
		};
		2B0A28571D91C7BB005AF743 /* Release */ = {
			isa = XCBuildConfiguration;
			buildSettings = {
				ALWAYS_SEARCH_USER_PATHS = NO;
				CLANG_ANALYZER_NONNULL = YES;
				CLANG_CXX_LANGUAGE_STANDARD = "gnu++0x";
				CLANG_CXX_LIBRARY = "libc++";
				CLANG_ENABLE_MODULES = YES;
				CLANG_ENABLE_OBJC_ARC = YES;
				CLANG_WARN_BOOL_CONVERSION = YES;
				CLANG_WARN_CONSTANT_CONVERSION = YES;
				CLANG_WARN_DIRECT_OBJC_ISA_USAGE = YES_ERROR;
				CLANG_WARN_EMPTY_BODY = YES;
				CLANG_WARN_ENUM_CONVERSION = YES;
				CLANG_WARN_INT_CONVERSION = YES;
				CLANG_WARN_OBJC_ROOT_CLASS = YES_ERROR;
				CLANG_WARN_UNREACHABLE_CODE = YES;
				CLANG_WARN__DUPLICATE_METHOD_MATCH = YES;
				CODE_SIGN_IDENTITY = "-";
				COPY_PHASE_STRIP = NO;
				DEBUG_INFORMATION_FORMAT = "dwarf-with-dsym";
				ENABLE_NS_ASSERTIONS = NO;
				ENABLE_STRICT_OBJC_MSGSEND = YES;
				GCC_C_LANGUAGE_STANDARD = gnu99;
				GCC_NO_COMMON_BLOCKS = YES;
				GCC_WARN_64_TO_32_BIT_CONVERSION = YES;
				GCC_WARN_ABOUT_RETURN_TYPE = YES_ERROR;
				GCC_WARN_UNDECLARED_SELECTOR = YES;
				GCC_WARN_UNINITIALIZED_AUTOS = YES_AGGRESSIVE;
				GCC_WARN_UNUSED_FUNCTION = YES;
				GCC_WARN_UNUSED_VARIABLE = YES;
				MACOSX_DEPLOYMENT_TARGET = 10.11;
				MTL_ENABLE_DEBUG_INFO = NO;
				SDKROOT = macosx;
			};
			name = Release;
		};
		2B0A28591D91C7BB005AF743 /* Debug */ = {
			isa = XCBuildConfiguration;
			buildSettings = {
				PRODUCT_NAME = "$(TARGET_NAME)";
			};
			name = Debug;
		};
		2B0A285A1D91C7BB005AF743 /* Release */ = {
			isa = XCBuildConfiguration;
			buildSettings = {
				PRODUCT_NAME = "$(TARGET_NAME)";
			};
			name = Release;
		};
/* End XCBuildConfiguration section */

/* Begin XCConfigurationList section */
		2B0A284C1D91C7BB005AF743 /* Build configuration list for PBXProject "Objective-CAssignment1" */ = {
			isa = XCConfigurationList;
			buildConfigurations = (
				2B0A28561D91C7BB005AF743 /* Debug */,
				2B0A28571D91C7BB005AF743 /* Release */,
			);
			defaultConfigurationIsVisible = 0;
			defaultConfigurationName = Release;
		};
		2B0A28581D91C7BB005AF743 /* Build configuration list for PBXNativeTarget "Objective-CAssignment1" */ = {
			isa = XCConfigurationList;
			buildConfigurations = (
				2B0A28591D91C7BB005AF743 /* Debug */,
				2B0A285A1D91C7BB005AF743 /* Release */,
			);
			defaultConfigurationIsVisible = 0;
			defaultConfigurationName = Release;
		};
/* End XCConfigurationList section */
	};
	rootObject = 2B0A28491D91C7BB005AF743 /* Project object */;
}
